
Microsoft Visual Studio Solution File, Format Version 12.00
# Visual Studio Version 17
VisualStudioVersion = 17.3.32901.215
MinimumVisualStudioVersion = 10.0.40219.1
Project("{F184B08F-C81C-45F6-A57F-5ABD9991F28F}") = "SS_PROYECTO", "SS_PROYECTO\SS_PROYECTO.vbproj", "{98D1861F-CA0E-40A6-86AC-88BAB6B6875D}"
EndProject
Global
	GlobalSection(SolutionConfigurationPlatforms) = preSolution
		Debug|Any CPU = Debug|Any CPU
		Release|Any CPU = Release|Any CPU
	EndGlobalSection
	GlobalSection(ProjectConfigurationPlatforms) = postSolution
		{98D1861F-CA0E-40A6-86AC-88BAB6B6875D}.Debug|Any CPU.ActiveCfg = Debug|Any CPU
		{98D1861F-CA0E-40A6-86AC-88BAB6B6875D}.Debug|Any CPU.Build.0 = Debug|Any CPU
		{98D1861F-CA0E-40A6-86AC-88BAB6B6875D}.Release|Any CPU.ActiveCfg = Release|Any CPU
		{98D1861F-CA0E-40A6-86AC-88BAB6B6875D}.Release|Any CPU.Build.0 = Release|Any CPU
	EndGlobalSection
	GlobalSection(SolutionProperties) = preSolution
		HideSolutionNode = FALSE
	EndGlobalSection
	GlobalSection(ExtensibilityGlobals) = postSolution
		SolutionGuid = {6C9699F0-F365-49CD-A52E-9B438FED9E4E}
	EndGlobalSection
EndGlobal
